
Microsoft Visual Studio Solution File, Format Version 12.00
# Visual Studio Version 16
VisualStudioVersion = 16.0.31313.79
MinimumVisualStudioVersion = 10.0.40219.1
Project("{2150E333-8FDC-42A3-9474-1A3956D46DE8}") = "CalculadoraDivPrimos.Consoles", "CalculadoraDivPrimos.Consoles", "{3231E509-BE75-4C2C-96A6-BA2C87F8F920}"
EndProject
Project("{2150E333-8FDC-42A3-9474-1A3956D46DE8}") = "CalculadoraDivPrimos.Servicos", "CalculadoraDivPrimos.Servicos", "{7A804572-D63E-47BE-B587-7ED98132D094}"
EndProject
Project("{2150E333-8FDC-42A3-9474-1A3956D46DE8}") = "CalculadoraDivPrimos.Testes", "CalculadoraDivPrimos.Testes", "{5E3F5566-8952-4232-8EDC-3FAD97CC5815}"
EndProject
Project("{9A19103F-16F7-4668-BE54-9A1E7A4F7556}") = "CalculadoraDivPrimos.Servicos", "CalculadoraDivPrimos.Servicos\CalculadoraDivPrimos.Servicos.csproj", "{6468AB09-77B4-48C4-B432-23AEF0C4B32C}"
EndProject
Project("{9A19103F-16F7-4668-BE54-9A1E7A4F7556}") = "CalculadoraDivPrimos.ConsoleApp", "CalculadoraDivPrimos.ConsoleApp\CalculadoraDivPrimos.ConsoleApp.csproj", "{89AF7854-D3F3-4E0E-8E44-930AE82BA92E}"
EndProject
Project("{FAE04EC0-301F-11D3-BF4B-00C04F79EFBC}") = "CalculadoraDivPrimosTeste", "CalculadoraDivPrimosTeste\CalculadoraDivPrimosTeste.csproj", "{502F3555-A2E0-4847-B1FD-7B3157D67A50}"
EndProject
Global
	GlobalSection(SolutionConfigurationPlatforms) = preSolution
		Debug|Any CPU = Debug|Any CPU
		Release|Any CPU = Release|Any CPU
	EndGlobalSection
	GlobalSection(ProjectConfigurationPlatforms) = postSolution
		{6468AB09-77B4-48C4-B432-23AEF0C4B32C}.Debug|Any CPU.ActiveCfg = Debug|Any CPU
		{6468AB09-77B4-48C4-B432-23AEF0C4B32C}.Debug|Any CPU.Build.0 = Debug|Any CPU
		{6468AB09-77B4-48C4-B432-23AEF0C4B32C}.Release|Any CPU.ActiveCfg = Release|Any CPU
		{6468AB09-77B4-48C4-B432-23AEF0C4B32C}.Release|Any CPU.Build.0 = Release|Any CPU
		{89AF7854-D3F3-4E0E-8E44-930AE82BA92E}.Debug|Any CPU.ActiveCfg = Debug|Any CPU
		{89AF7854-D3F3-4E0E-8E44-930AE82BA92E}.Debug|Any CPU.Build.0 = Debug|Any CPU
		{89AF7854-D3F3-4E0E-8E44-930AE82BA92E}.Release|Any CPU.ActiveCfg = Release|Any CPU
		{89AF7854-D3F3-4E0E-8E44-930AE82BA92E}.Release|Any CPU.Build.0 = Release|Any CPU
		{502F3555-A2E0-4847-B1FD-7B3157D67A50}.Debug|Any CPU.ActiveCfg = Debug|Any CPU
		{502F3555-A2E0-4847-B1FD-7B3157D67A50}.Debug|Any CPU.Build.0 = Debug|Any CPU
		{502F3555-A2E0-4847-B1FD-7B3157D67A50}.Release|Any CPU.ActiveCfg = Release|Any CPU
		{502F3555-A2E0-4847-B1FD-7B3157D67A50}.Release|Any CPU.Build.0 = Release|Any CPU
	EndGlobalSection
	GlobalSection(SolutionProperties) = preSolution
		HideSolutionNode = FALSE
	EndGlobalSection
	GlobalSection(NestedProjects) = preSolution
		{6468AB09-77B4-48C4-B432-23AEF0C4B32C} = {7A804572-D63E-47BE-B587-7ED98132D094}
		{89AF7854-D3F3-4E0E-8E44-930AE82BA92E} = {3231E509-BE75-4C2C-96A6-BA2C87F8F920}
		{502F3555-A2E0-4847-B1FD-7B3157D67A50} = {5E3F5566-8952-4232-8EDC-3FAD97CC5815}
	EndGlobalSection
	GlobalSection(ExtensibilityGlobals) = postSolution
		SolutionGuid = {8980D273-BEDD-46E2-B482-2A3D77AC8955}
	EndGlobalSection
EndGlobal
